// !$*UTF8*$!
{
	archiveVersion = 1;
	classes = {
	};
	objectVersion = 50;
	objects = {

/* Begin PBXBuildFile section */
		8CAA18A601D609E96CAE1DFE /* Pods_SwimeeSample_fummicc1.framework in Frameworks */ = {isa = PBXBuildFile; fileRef = 23007E353D60B1589AB202B0 /* Pods_SwimeeSample_fummicc1.framework */; };
		D34FF1F52185667900039A5F /* Diary.swift in Sources */ = {isa = PBXBuildFile; fileRef = D34FF1F42185667900039A5F /* Diary.swift */; };
		D34FF1F821856EA800039A5F /* CalendarViewController.swift in Sources */ = {isa = PBXBuildFile; fileRef = D34FF1F721856EA800039A5F /* CalendarViewController.swift */; };
		D34FF1FA21856EFC00039A5F /* UIViewController.swift in Sources */ = {isa = PBXBuildFile; fileRef = D34FF1F921856EFC00039A5F /* UIViewController.swift */; };
		D34FF1FC218571B100039A5F /* MakeDiaryViewController.swift in Sources */ = {isa = PBXBuildFile; fileRef = D34FF1FB218571B100039A5F /* MakeDiaryViewController.swift */; };
		D34FF1FE218571BD00039A5F /* MakeDiaryViewController.storyboard in Resources */ = {isa = PBXBuildFile; fileRef = D34FF1FD218571BD00039A5F /* MakeDiaryViewController.storyboard */; };
		D34FF2002185749C00039A5F /* UITextView.swift in Sources */ = {isa = PBXBuildFile; fileRef = D34FF1FF2185749C00039A5F /* UITextView.swift */; };
		D3949BE42185BC5E006FEFED /* ShowDiaryViewController.swift in Sources */ = {isa = PBXBuildFile; fileRef = D3949BE32185BC5E006FEFED /* ShowDiaryViewController.swift */; };
		D3949BE72185BC8E006FEFED /* ShowDiaryViewController.storyboard in Resources */ = {isa = PBXBuildFile; fileRef = D3949BE62185BC8E006FEFED /* ShowDiaryViewController.storyboard */; };
		D3D071CA2189510A0051D7F1 /* UIView.swift in Sources */ = {isa = PBXBuildFile; fileRef = D3D071C92189510A0051D7F1 /* UIView.swift */; };
		D3D695ED2185625100B58E56 /* AppDelegate.swift in Sources */ = {isa = PBXBuildFile; fileRef = D3D695EC2185625100B58E56 /* AppDelegate.swift */; };
		D3D695F22185625100B58E56 /* CalendarViewController.storyboard in Resources */ = {isa = PBXBuildFile; fileRef = D3D695F02185625100B58E56 /* CalendarViewController.storyboard */; };
		D3D695F42185625300B58E56 /* Assets.xcassets in Resources */ = {isa = PBXBuildFile; fileRef = D3D695F32185625300B58E56 /* Assets.xcassets */; };
		D3D695F72185625300B58E56 /* LaunchScreen.storyboard in Resources */ = {isa = PBXBuildFile; fileRef = D3D695F52185625300B58E56 /* LaunchScreen.storyboard */; };
/* End PBXBuildFile section */

/* Begin PBXFileReference section */
		23007E353D60B1589AB202B0 /* Pods_SwimeeSample_fummicc1.framework */ = {isa = PBXFileReference; explicitFileType = wrapper.framework; includeInIndex = 0; path = Pods_SwimeeSample_fummicc1.framework; sourceTree = BUILT_PRODUCTS_DIR; };
		68E0D764E4B916DDB07DC953 /* Pods-SwimeeSample_fummicc1.release.xcconfig */ = {isa = PBXFileReference; includeInIndex = 1; lastKnownFileType = text.xcconfig; name = "Pods-SwimeeSample_fummicc1.release.xcconfig"; path = "Pods/Target Support Files/Pods-SwimeeSample_fummicc1/Pods-SwimeeSample_fummicc1.release.xcconfig"; sourceTree = "<group>"; };
		D34FF1F42185667900039A5F /* Diary.swift */ = {isa = PBXFileReference; lastKnownFileType = sourcecode.swift; path = Diary.swift; sourceTree = "<group>"; };
		D34FF1F721856EA800039A5F /* CalendarViewController.swift */ = {isa = PBXFileReference; fileEncoding = 4; lastKnownFileType = sourcecode.swift; path = CalendarViewController.swift; sourceTree = "<group>"; };
		D34FF1F921856EFC00039A5F /* UIViewController.swift */ = {isa = PBXFileReference; lastKnownFileType = sourcecode.swift; path = UIViewController.swift; sourceTree = "<group>"; };
		D34FF1FB218571B100039A5F /* MakeDiaryViewController.swift */ = {isa = PBXFileReference; lastKnownFileType = sourcecode.swift; path = MakeDiaryViewController.swift; sourceTree = "<group>"; };
		D34FF1FD218571BD00039A5F /* MakeDiaryViewController.storyboard */ = {isa = PBXFileReference; lastKnownFileType = file.storyboard; path = MakeDiaryViewController.storyboard; sourceTree = "<group>"; };
		D34FF1FF2185749C00039A5F /* UITextView.swift */ = {isa = PBXFileReference; lastKnownFileType = sourcecode.swift; path = UITextView.swift; sourceTree = "<group>"; };
		D3949BE32185BC5E006FEFED /* ShowDiaryViewController.swift */ = {isa = PBXFileReference; lastKnownFileType = sourcecode.swift; path = ShowDiaryViewController.swift; sourceTree = "<group>"; };
		D3949BE62185BC8E006FEFED /* ShowDiaryViewController.storyboard */ = {isa = PBXFileReference; lastKnownFileType = file.storyboard; path = ShowDiaryViewController.storyboard; sourceTree = "<group>"; };
		D3D071C92189510A0051D7F1 /* UIView.swift */ = {isa = PBXFileReference; lastKnownFileType = sourcecode.swift; path = UIView.swift; sourceTree = "<group>"; };
		D3D695E92185625100B58E56 /* SwimeeSample_fummicc1.app */ = {isa = PBXFileReference; explicitFileType = wrapper.application; includeInIndex = 0; path = SwimeeSample_fummicc1.app; sourceTree = BUILT_PRODUCTS_DIR; };
		D3D695EC2185625100B58E56 /* AppDelegate.swift */ = {isa = PBXFileReference; lastKnownFileType = sourcecode.swift; path = AppDelegate.swift; sourceTree = "<group>"; };
		D3D695F12185625100B58E56 /* Base */ = {isa = PBXFileReference; lastKnownFileType = file.storyboard; name = Base; path = Base.lproj/CalendarViewController.storyboard; sourceTree = "<group>"; };
		D3D695F32185625300B58E56 /* Assets.xcassets */ = {isa = PBXFileReference; lastKnownFileType = folder.assetcatalog; path = Assets.xcassets; sourceTree = "<group>"; };
		D3D695F62185625300B58E56 /* Base */ = {isa = PBXFileReference; lastKnownFileType = file.storyboard; name = Base; path = Base.lproj/LaunchScreen.storyboard; sourceTree = "<group>"; };
		D3D695F82185625300B58E56 /* Info.plist */ = {isa = PBXFileReference; lastKnownFileType = text.plist.xml; path = Info.plist; sourceTree = "<group>"; };
		E0E8300F3F41149801897443 /* Pods-SwimeeSample_fummicc1.debug.xcconfig */ = {isa = PBXFileReference; includeInIndex = 1; lastKnownFileType = text.xcconfig; name = "Pods-SwimeeSample_fummicc1.debug.xcconfig"; path = "Pods/Target Support Files/Pods-SwimeeSample_fummicc1/Pods-SwimeeSample_fummicc1.debug.xcconfig"; sourceTree = "<group>"; };
/* End PBXFileReference section */

/* Begin PBXFrameworksBuildPhase section */
		D3D695E62185625100B58E56 /* Frameworks */ = {
			isa = PBXFrameworksBuildPhase;
			buildActionMask = 2147483647;
			files = (
				8CAA18A601D609E96CAE1DFE /* Pods_SwimeeSample_fummicc1.framework in Frameworks */,
			);
			runOnlyForDeploymentPostprocessing = 0;
		};
/* End PBXFrameworksBuildPhase section */

/* Begin PBXGroup section */
		005EEC01B5E14C63CCADDBD5 /* Pods */ = {
			isa = PBXGroup;
			children = (
				E0E8300F3F41149801897443 /* Pods-SwimeeSample_fummicc1.debug.xcconfig */,
				68E0D764E4B916DDB07DC953 /* Pods-SwimeeSample_fummicc1.release.xcconfig */,
			);
			name = Pods;
			sourceTree = "<group>";
		};
		881F6A097D79C459F5CA35B8 /* Frameworks */ = {
			isa = PBXGroup;
			children = (
				23007E353D60B1589AB202B0 /* Pods_SwimeeSample_fummicc1.framework */,
			);
			name = Frameworks;
			sourceTree = "<group>";
		};
		D34FF1F32185666400039A5F /* Model */ = {
			isa = PBXGroup;
			children = (
				D34FF1F42185667900039A5F /* Diary.swift */,
			);
			path = Model;
			sourceTree = "<group>";
		};
		D34FF1F621856E6A00039A5F /* Extension */ = {
			isa = PBXGroup;
			children = (
				D34FF1F921856EFC00039A5F /* UIViewController.swift */,
				D34FF1FF2185749C00039A5F /* UITextView.swift */,
				D3D071C92189510A0051D7F1 /* UIView.swift */,
			);
			path = Extension;
			sourceTree = "<group>";
		};
		D3D695E02185625100B58E56 = {
			isa = PBXGroup;
			children = (
				D3D695EB2185625100B58E56 /* SwimeeSample_fummicc1 */,
				D3D695EA2185625100B58E56 /* Products */,
				005EEC01B5E14C63CCADDBD5 /* Pods */,
				881F6A097D79C459F5CA35B8 /* Frameworks */,
			);
			sourceTree = "<group>";
		};
		D3D695EA2185625100B58E56 /* Products */ = {
			isa = PBXGroup;
			children = (
				D3D695E92185625100B58E56 /* SwimeeSample_fummicc1.app */,
			);
			name = Products;
			sourceTree = "<group>";
		};
		D3D695EB2185625100B58E56 /* SwimeeSample_fummicc1 */ = {
			isa = PBXGroup;
			children = (
				D3D695FF218562AD00B58E56 /* Resource */,
				D3D695FE218562A500B58E56 /* Source */,
			);
			path = SwimeeSample_fummicc1;
			sourceTree = "<group>";
		};
		D3D695FE218562A500B58E56 /* Source */ = {
			isa = PBXGroup;
			children = (
				D3D69600218562B900B58E56 /* Common */,
				D34FF1F621856E6A00039A5F /* Extension */,
				D34FF1F32185666400039A5F /* Model */,
				D3D69601218562CB00B58E56 /* Controller */,
				D3D69602218562D600B58E56 /* View */,
			);
			path = Source;
			sourceTree = "<group>";
		};
		D3D695FF218562AD00B58E56 /* Resource */ = {
			isa = PBXGroup;
			children = (
				D3D695F32185625300B58E56 /* Assets.xcassets */,
				D3D695F52185625300B58E56 /* LaunchScreen.storyboard */,
				D3D695F82185625300B58E56 /* Info.plist */,
			);
			path = Resource;
			sourceTree = "<group>";
		};
		D3D69600218562B900B58E56 /* Common */ = {
			isa = PBXGroup;
			children = (
				D3D695EC2185625100B58E56 /* AppDelegate.swift */,
			);
			path = Common;
			sourceTree = "<group>";
		};
		D3D69601218562CB00B58E56 /* Controller */ = {
			isa = PBXGroup;
			children = (
				D34FF1F721856EA800039A5F /* CalendarViewController.swift */,
				D34FF1FB218571B100039A5F /* MakeDiaryViewController.swift */,
				D3949BE32185BC5E006FEFED /* ShowDiaryViewController.swift */,
			);
			path = Controller;
			sourceTree = "<group>";
		};
		D3D69602218562D600B58E56 /* View */ = {
			isa = PBXGroup;
			children = (
				D3D695F02185625100B58E56 /* CalendarViewController.storyboard */,
				D34FF1FD218571BD00039A5F /* MakeDiaryViewController.storyboard */,
				D3949BE62185BC8E006FEFED /* ShowDiaryViewController.storyboard */,
			);
			path = View;
			sourceTree = "<group>";
		};
/* End PBXGroup section */

/* Begin PBXNativeTarget section */
		D3D695E82185625100B58E56 /* SwimeeSample_fummicc1 */ = {
			isa = PBXNativeTarget;
			buildConfigurationList = D3D695FB2185625300B58E56 /* Build configuration list for PBXNativeTarget "SwimeeSample_fummicc1" */;
			buildPhases = (
				BAD9F1D1FB2BA75EC3B55DA5 /* [CP] Check Pods Manifest.lock */,
				D3D695E52185625100B58E56 /* Sources */,
				D3D695E62185625100B58E56 /* Frameworks */,
				D3D695E72185625100B58E56 /* Resources */,
				2CB1CCA69D12925E269AF484 /* [CP] Embed Pods Frameworks */,
			);
			buildRules = (
			);
			dependencies = (
			);
			name = SwimeeSample_fummicc1;
			productName = SwimeeSample_fummicc1;
			productReference = D3D695E92185625100B58E56 /* SwimeeSample_fummicc1.app */;
			productType = "com.apple.product-type.application";
		};
/* End PBXNativeTarget section */

/* Begin PBXProject section */
		D3D695E12185625100B58E56 /* Project object */ = {
			isa = PBXProject;
			attributes = {
				LastSwiftUpdateCheck = 1000;
				LastUpgradeCheck = 1000;
				ORGANIZATIONNAME = "Fumiya Tanaka";
				TargetAttributes = {
					D3D695E82185625100B58E56 = {
						CreatedOnToolsVersion = 10.0;
					};
				};
			};
			buildConfigurationList = D3D695E42185625100B58E56 /* Build configuration list for PBXProject "SwimeeSample_fummicc1" */;
			compatibilityVersion = "Xcode 9.3";
			developmentRegion = en;
			hasScannedForEncodings = 0;
			knownRegions = (
				en,
				Base,
			);
			mainGroup = D3D695E02185625100B58E56;
			productRefGroup = D3D695EA2185625100B58E56 /* Products */;
			projectDirPath = "";
			projectRoot = "";
			targets = (
				D3D695E82185625100B58E56 /* SwimeeSample_fummicc1 */,
			);
		};
/* End PBXProject section */

/* Begin PBXResourcesBuildPhase section */
		D3D695E72185625100B58E56 /* Resources */ = {
			isa = PBXResourcesBuildPhase;
			buildActionMask = 2147483647;
			files = (
				D3D695F72185625300B58E56 /* LaunchScreen.storyboard in Resources */,
				D3949BE72185BC8E006FEFED /* ShowDiaryViewController.storyboard in Resources */,
				D34FF1FE218571BD00039A5F /* MakeDiaryViewController.storyboard in Resources */,
				D3D695F42185625300B58E56 /* Assets.xcassets in Resources */,
				D3D695F22185625100B58E56 /* CalendarViewController.storyboard in Resources */,
			);
			runOnlyForDeploymentPostprocessing = 0;
		};
/* End PBXResourcesBuildPhase section */

/* Begin PBXShellScriptBuildPhase section */
		2CB1CCA69D12925E269AF484 /* [CP] Embed Pods Frameworks */ = {
			isa = PBXShellScriptBuildPhase;
			buildActionMask = 2147483647;
			files = (
			);
			inputFileListPaths = (
			);
			inputPaths = (
				"${SRCROOT}/Pods/Target Support Files/Pods-SwimeeSample_fummicc1/Pods-SwimeeSample_fummicc1-frameworks.sh",
				"${BUILT_PRODUCTS_DIR}/FSCalendar/FSCalendar.framework",
				"${BUILT_PRODUCTS_DIR}/Realm/Realm.framework",
				"${BUILT_PRODUCTS_DIR}/RealmSwift/RealmSwift.framework",
			);
			name = "[CP] Embed Pods Frameworks";
			outputFileListPaths = (
			);
			outputPaths = (
				"${TARGET_BUILD_DIR}/${FRAMEWORKS_FOLDER_PATH}/FSCalendar.framework",
				"${TARGET_BUILD_DIR}/${FRAMEWORKS_FOLDER_PATH}/Realm.framework",
				"${TARGET_BUILD_DIR}/${FRAMEWORKS_FOLDER_PATH}/RealmSwift.framework",
			);
			runOnlyForDeploymentPostprocessing = 0;
			shellPath = /bin/sh;
			shellScript = "\"${SRCROOT}/Pods/Target Support Files/Pods-SwimeeSample_fummicc1/Pods-SwimeeSample_fummicc1-frameworks.sh\"\n";
			showEnvVarsInLog = 0;
		};
		BAD9F1D1FB2BA75EC3B55DA5 /* [CP] Check Pods Manifest.lock */ = {
			isa = PBXShellScriptBuildPhase;
			buildActionMask = 2147483647;
			files = (
			);
			inputFileListPaths = (
			);
			inputPaths = (
				"${PODS_PODFILE_DIR_PATH}/Podfile.lock",
				"${PODS_ROOT}/Manifest.lock",
			);
			name = "[CP] Check Pods Manifest.lock";
			outputFileListPaths = (
			);
			outputPaths = (
				"$(DERIVED_FILE_DIR)/Pods-SwimeeSample_fummicc1-checkManifestLockResult.txt",
			);
			runOnlyForDeploymentPostprocessing = 0;
			shellPath = /bin/sh;
			shellScript = "diff \"${PODS_PODFILE_DIR_PATH}/Podfile.lock\" \"${PODS_ROOT}/Manifest.lock\" > /dev/null\nif [ $? != 0 ] ; then\n    # print error to STDERR\n    echo \"error: The sandbox is not in sync with the Podfile.lock. Run 'pod install' or update your CocoaPods installation.\" >&2\n    exit 1\nfi\n# This output is used by Xcode 'outputs' to avoid re-running this script phase.\necho \"SUCCESS\" > \"${SCRIPT_OUTPUT_FILE_0}\"\n";
			showEnvVarsInLog = 0;
		};
/* End PBXShellScriptBuildPhase section */

/* Begin PBXSourcesBuildPhase section */
		D3D695E52185625100B58E56 /* Sources */ = {
			isa = PBXSourcesBuildPhase;
			buildActionMask = 2147483647;
			files = (
				D3D071CA2189510A0051D7F1 /* UIView.swift in Sources */,
				D34FF1F821856EA800039A5F /* CalendarViewController.swift in Sources */,
				D34FF2002185749C00039A5F /* UITextView.swift in Sources */,
				D34FF1FC218571B100039A5F /* MakeDiaryViewController.swift in Sources */,
				D3D695ED2185625100B58E56 /* AppDelegate.swift in Sources */,
				D34FF1FA21856EFC00039A5F /* UIViewController.swift in Sources */,
				D34FF1F52185667900039A5F /* Diary.swift in Sources */,
				D3949BE42185BC5E006FEFED /* ShowDiaryViewController.swift in Sources */,
			);
			runOnlyForDeploymentPostprocessing = 0;
		};
/* End PBXSourcesBuildPhase section */

/* Begin PBXVariantGroup section */
		D3D695F02185625100B58E56 /* CalendarViewController.storyboard */ = {
			isa = PBXVariantGroup;
			children = (
				D3D695F12185625100B58E56 /* Base */,
			);
			name = CalendarViewController.storyboard;
			sourceTree = "<group>";
		};
		D3D695F52185625300B58E56 /* LaunchScreen.storyboard */ = {
			isa = PBXVariantGroup;
			children = (
				D3D695F62185625300B58E56 /* Base */,
			);
			name = LaunchScreen.storyboard;
			sourceTree = "<group>";
		};
/* End PBXVariantGroup section */

/* Begin XCBuildConfiguration section */
		D3D695F92185625300B58E56 /* Debug */ = {
			isa = XCBuildConfiguration;
			buildSettings = {
				ALWAYS_SEARCH_USER_PATHS = NO;
				CLANG_ANALYZER_NONNULL = YES;
				CLANG_ANALYZER_NUMBER_OBJECT_CONVERSION = YES_AGGRESSIVE;
				CLANG_CXX_LANGUAGE_STANDARD = "gnu++14";
				CLANG_CXX_LIBRARY = "libc++";
				CLANG_ENABLE_MODULES = YES;
				CLANG_ENABLE_OBJC_ARC = YES;
				CLANG_ENABLE_OBJC_WEAK = YES;
				CLANG_WARN_BLOCK_CAPTURE_AUTORELEASING = YES;
				CLANG_WARN_BOOL_CONVERSION = YES;
				CLANG_WARN_COMMA = YES;
				CLANG_WARN_CONSTANT_CONVERSION = YES;
				CLANG_WARN_DEPRECATED_OBJC_IMPLEMENTATIONS = YES;
				CLANG_WARN_DIRECT_OBJC_ISA_USAGE = YES_ERROR;
				CLANG_WARN_DOCUMENTATION_COMMENTS = YES;
				CLANG_WARN_EMPTY_BODY = YES;
				CLANG_WARN_ENUM_CONVERSION = YES;
				CLANG_WARN_INFINITE_RECURSION = YES;
				CLANG_WARN_INT_CONVERSION = YES;
				CLANG_WARN_NON_LITERAL_NULL_CONVERSION = YES;
				CLANG_WARN_OBJC_IMPLICIT_RETAIN_SELF = YES;
				CLANG_WARN_OBJC_LITERAL_CONVERSION = YES;
				CLANG_WARN_OBJC_ROOT_CLASS = YES_ERROR;
				CLANG_WARN_RANGE_LOOP_ANALYSIS = YES;
				CLANG_WARN_STRICT_PROTOTYPES = YES;
				CLANG_WARN_SUSPICIOUS_MOVE = YES;
				CLANG_WARN_UNGUARDED_AVAILABILITY = YES_AGGRESSIVE;
				CLANG_WARN_UNREACHABLE_CODE = YES;
				CLANG_WARN__DUPLICATE_METHOD_MATCH = YES;
				CODE_SIGN_IDENTITY = "iPhone Developer";
				COPY_PHASE_STRIP = NO;
				DEBUG_INFORMATION_FORMAT = dwarf;
				ENABLE_STRICT_OBJC_MSGSEND = YES;
				ENABLE_TESTABILITY = YES;
				GCC_C_LANGUAGE_STANDARD = gnu11;
				GCC_DYNAMIC_NO_PIC = NO;
				GCC_NO_COMMON_BLOCKS = YES;
				GCC_OPTIMIZATION_LEVEL = 0;
				GCC_PREPROCESSOR_DEFINITIONS = (
					"DEBUG=1",
					"$(inherited)",
				);
				GCC_WARN_64_TO_32_BIT_CONVERSION = YES;
				GCC_WARN_ABOUT_RETURN_TYPE = YES_ERROR;
				GCC_WARN_UNDECLARED_SELECTOR = YES;
				GCC_WARN_UNINITIALIZED_AUTOS = YES_AGGRESSIVE;
				GCC_WARN_UNUSED_FUNCTION = YES;
				GCC_WARN_UNUSED_VARIABLE = YES;
				IPHONEOS_DEPLOYMENT_TARGET = 12.0;
				MTL_ENABLE_DEBUG_INFO = INCLUDE_SOURCE;
				MTL_FAST_MATH = YES;
				ONLY_ACTIVE_ARCH = YES;
				SDKROOT = iphoneos;
				SWIFT_ACTIVE_COMPILATION_CONDITIONS = DEBUG;
				SWIFT_OPTIMIZATION_LEVEL = "-Onone";
			};
			name = Debug;
		};
		D3D695FA2185625300B58E56 /* Release */ = {
			isa = XCBuildConfiguration;
			buildSettings = {
				ALWAYS_SEARCH_USER_PATHS = NO;
				CLANG_ANALYZER_NONNULL = YES;
				CLANG_ANALYZER_NUMBER_OBJECT_CONVERSION = YES_AGGRESSIVE;
				CLANG_CXX_LANGUAGE_STANDARD = "gnu++14";
				CLANG_CXX_LIBRARY = "libc++";
				CLANG_ENABLE_MODULES = YES;
				CLANG_ENABLE_OBJC_ARC = YES;
				CLANG_ENABLE_OBJC_WEAK = YES;
				CLANG_WARN_BLOCK_CAPTURE_AUTORELEASING = YES;
				CLANG_WARN_BOOL_CONVERSION = YES;
				CLANG_WARN_COMMA = YES;
				CLANG_WARN_CONSTANT_CONVERSION = YES;
				CLANG_WARN_DEPRECATED_OBJC_IMPLEMENTATIONS = YES;
				CLANG_WARN_DIRECT_OBJC_ISA_USAGE = YES_ERROR;
				CLANG_WARN_DOCUMENTATION_COMMENTS = YES;
				CLANG_WARN_EMPTY_BODY = YES;
				CLANG_WARN_ENUM_CONVERSION = YES;
				CLANG_WARN_INFINITE_RECURSION = YES;
				CLANG_WARN_INT_CONVERSION = YES;
				CLANG_WARN_NON_LITERAL_NULL_CONVERSION = YES;
				CLANG_WARN_OBJC_IMPLICIT_RETAIN_SELF = YES;
				CLANG_WARN_OBJC_LITERAL_CONVERSION = YES;
				CLANG_WARN_OBJC_ROOT_CLASS = YES_ERROR;
				CLANG_WARN_RANGE_LOOP_ANALYSIS = YES;
				CLANG_WARN_STRICT_PROTOTYPES = YES;
				CLANG_WARN_SUSPICIOUS_MOVE = YES;
				CLANG_WARN_UNGUARDED_AVAILABILITY = YES_AGGRESSIVE;
				CLANG_WARN_UNREACHABLE_CODE = YES;
				CLANG_WARN__DUPLICATE_METHOD_MATCH = YES;
				CODE_SIGN_IDENTITY = "iPhone Developer";
				COPY_PHASE_STRIP = NO;
				DEBUG_INFORMATION_FORMAT = "dwarf-with-dsym";
				ENABLE_NS_ASSERTIONS = NO;
				ENABLE_STRICT_OBJC_MSGSEND = YES;
				GCC_C_LANGUAGE_STANDARD = gnu11;
				GCC_NO_COMMON_BLOCKS = YES;
				GCC_WARN_64_TO_32_BIT_CONVERSION = YES;
				GCC_WARN_ABOUT_RETURN_TYPE = YES_ERROR;
				GCC_WARN_UNDECLARED_SELECTOR = YES;
				GCC_WARN_UNINITIALIZED_AUTOS = YES_AGGRESSIVE;
				GCC_WARN_UNUSED_FUNCTION = YES;
				GCC_WARN_UNUSED_VARIABLE = YES;
				IPHONEOS_DEPLOYMENT_TARGET = 12.0;
				MTL_ENABLE_DEBUG_INFO = NO;
				MTL_FAST_MATH = YES;
				SDKROOT = iphoneos;
				SWIFT_COMPILATION_MODE = wholemodule;
				SWIFT_OPTIMIZATION_LEVEL = "-O";
				VALIDATE_PRODUCT = YES;
			};
			name = Release;
		};
		D3D695FC2185625300B58E56 /* Debug */ = {
			isa = XCBuildConfiguration;
			baseConfigurationReference = E0E8300F3F41149801897443 /* Pods-SwimeeSample_fummicc1.debug.xcconfig */;
			buildSettings = {
				ASSETCATALOG_COMPILER_APPICON_NAME = AppIcon;
				CODE_SIGN_STYLE = Automatic;
				DEVELOPMENT_TEAM = 2K446D59RQ;
				INFOPLIST_FILE = "$(SRCROOT)/SwimeeSample_fummicc1/Resource/Info.plist";
				LD_RUNPATH_SEARCH_PATHS = (
					"$(inherited)",
					"@executable_path/Frameworks",
				);
				PRODUCT_BUNDLE_IDENTIFIER = "Fumiya.SwimeeSample-fummicc1";
				PRODUCT_NAME = "$(TARGET_NAME)";
				SWIFT_VERSION = 4.2;
				TARGETED_DEVICE_FAMILY = "1,2";
			};
			name = Debug;
		};
		D3D695FD2185625300B58E56 /* Release */ = {
			isa = XCBuildConfiguration;
			baseConfigurationReference = 68E0D764E4B916DDB07DC953 /* Pods-SwimeeSample_fummicc1.release.xcconfig */;
			buildSettings = {
				ASSETCATALOG_COMPILER_APPICON_NAME = AppIcon;
				CODE_SIGN_STYLE = Automatic;
				DEVELOPMENT_TEAM = 2K446D59RQ;
				INFOPLIST_FILE = "$(SRCROOT)/SwimeeSample_fummicc1/Resource/Info.plist";
				LD_RUNPATH_SEARCH_PATHS = (
					"$(inherited)",
					"@executable_path/Frameworks",
				);
				PRODUCT_BUNDLE_IDENTIFIER = "Fumiya.SwimeeSample-fummicc1";
				PRODUCT_NAME = "$(TARGET_NAME)";
				SWIFT_VERSION = 4.2;
				TARGETED_DEVICE_FAMILY = "1,2";
			};
			name = Release;
		};
/* End XCBuildConfiguration section */

/* Begin XCConfigurationList section */
		D3D695E42185625100B58E56 /* Build configuration list for PBXProject "SwimeeSample_fummicc1" */ = {
			isa = XCConfigurationList;
			buildConfigurations = (
				D3D695F92185625300B58E56 /* Debug */,
				D3D695FA2185625300B58E56 /* Release */,
			);
			defaultConfigurationIsVisible = 0;
			defaultConfigurationName = Release;
		};
		D3D695FB2185625300B58E56 /* Build configuration list for PBXNativeTarget "SwimeeSample_fummicc1" */ = {
			isa = XCConfigurationList;
			buildConfigurations = (
				D3D695FC2185625300B58E56 /* Debug */,
				D3D695FD2185625300B58E56 /* Release */,
			);
			defaultConfigurationIsVisible = 0;
			defaultConfigurationName = Release;
		};
/* End XCConfigurationList section */
	};
	rootObject = D3D695E12185625100B58E56 /* Project object */;
}
